
Microsoft Visual Studio Solution File, Format Version 12.00
# Visual Studio Version 16
VisualStudioVersion = 16.0.31702.278
MinimumVisualStudioVersion = 10.0.40219.1
Project("{2150E333-8FDC-42A3-9474-1A3956D46DE8}") = "Presentación", "Presentación", "{5D75542C-471C-41DE-B208-81D320460151}"
EndProject
Project("{2150E333-8FDC-42A3-9474-1A3956D46DE8}") = "Testing", "Testing", "{1C44C2B1-7996-4C16-A1FA-B266BC8E1ABB}"
EndProject
Project("{2150E333-8FDC-42A3-9474-1A3956D46DE8}") = "Library", "Library", "{C27C45B4-A814-4B64-AEAC-DBC7674C6ECD}"
EndProject
Project("{FAE04EC0-301F-11D3-BF4B-00C04F79EFBC}") = "TarongISWLib", "ClassLibrary\TarongISWLib.csproj", "{E0C23856-B9A4-4D13-AC60-8E080971F001}"
EndProject
Project("{2150E333-8FDC-42A3-9474-1A3956D46DE8}") = "Lab1", "Lab1", "{98AF4185-F567-44F2-A141-DAA3C3A1A2FF}"
EndProject
Project("{FAE04EC0-301F-11D3-BF4B-00C04F79EFBC}") = "HelloWorldApp", "HelloWorldApp\HelloWorldApp.csproj", "{3AC71467-F040-4F5B-AB76-C1FCB51D564D}"
EndProject
Project("{9A19103F-16F7-4668-BE54-9A1E7A4F7556}") = "TarongISWObjectDesignTest", "..\TarongISWObjectDesignTest\TarongISWObjectDesignTest.csproj", "{E36CA961-86DB-4B20-8518-117FB3504D7E}"
EndProject
Project("{FAE04EC0-301F-11D3-BF4B-00C04F79EFBC}") = "DBTest", "DBTest\DBTest.csproj", "{0912F286-36E6-4400-A44B-BD52EE23F832}"
EndProject
Project("{FAE04EC0-301F-11D3-BF4B-00C04F79EFBC}") = "3-BusinessLogicTest", "BusinessLogicTest\3-BusinessLogicTest.csproj", "{B08CF855-97C2-48EF-B0EE-D21F0883C6CF}"
EndProject
Project("{FAE04EC0-301F-11D3-BF4B-00C04F79EFBC}") = "TarongISWGUI", "TarongISWGUI\TarongISWGUI.csproj", "{8D25A82C-889C-4CAA-B842-39610AA94630}"
EndProject
Global
	GlobalSection(SolutionConfigurationPlatforms) = preSolution
		Debug|Any CPU = Debug|Any CPU
		Release|Any CPU = Release|Any CPU
	EndGlobalSection
	GlobalSection(ProjectConfigurationPlatforms) = postSolution
		{E0C23856-B9A4-4D13-AC60-8E080971F001}.Debug|Any CPU.ActiveCfg = Debug|Any CPU
		{E0C23856-B9A4-4D13-AC60-8E080971F001}.Debug|Any CPU.Build.0 = Debug|Any CPU
		{E0C23856-B9A4-4D13-AC60-8E080971F001}.Release|Any CPU.ActiveCfg = Release|Any CPU
		{E0C23856-B9A4-4D13-AC60-8E080971F001}.Release|Any CPU.Build.0 = Release|Any CPU
		{3AC71467-F040-4F5B-AB76-C1FCB51D564D}.Debug|Any CPU.ActiveCfg = Debug|Any CPU
		{3AC71467-F040-4F5B-AB76-C1FCB51D564D}.Debug|Any CPU.Build.0 = Debug|Any CPU
		{3AC71467-F040-4F5B-AB76-C1FCB51D564D}.Release|Any CPU.ActiveCfg = Release|Any CPU
		{3AC71467-F040-4F5B-AB76-C1FCB51D564D}.Release|Any CPU.Build.0 = Release|Any CPU
		{E36CA961-86DB-4B20-8518-117FB3504D7E}.Debug|Any CPU.ActiveCfg = Debug|Any CPU
		{E36CA961-86DB-4B20-8518-117FB3504D7E}.Debug|Any CPU.Build.0 = Debug|Any CPU
		{E36CA961-86DB-4B20-8518-117FB3504D7E}.Release|Any CPU.ActiveCfg = Release|Any CPU
		{E36CA961-86DB-4B20-8518-117FB3504D7E}.Release|Any CPU.Build.0 = Release|Any CPU
		{0912F286-36E6-4400-A44B-BD52EE23F832}.Debug|Any CPU.ActiveCfg = Debug|Any CPU
		{0912F286-36E6-4400-A44B-BD52EE23F832}.Debug|Any CPU.Build.0 = Debug|Any CPU
		{0912F286-36E6-4400-A44B-BD52EE23F832}.Release|Any CPU.ActiveCfg = Release|Any CPU
		{0912F286-36E6-4400-A44B-BD52EE23F832}.Release|Any CPU.Build.0 = Release|Any CPU
		{B08CF855-97C2-48EF-B0EE-D21F0883C6CF}.Debug|Any CPU.ActiveCfg = Debug|Any CPU
		{B08CF855-97C2-48EF-B0EE-D21F0883C6CF}.Debug|Any CPU.Build.0 = Debug|Any CPU
		{B08CF855-97C2-48EF-B0EE-D21F0883C6CF}.Release|Any CPU.ActiveCfg = Release|Any CPU
		{B08CF855-97C2-48EF-B0EE-D21F0883C6CF}.Release|Any CPU.Build.0 = Release|Any CPU
		{8D25A82C-889C-4CAA-B842-39610AA94630}.Debug|Any CPU.ActiveCfg = Debug|Any CPU
		{8D25A82C-889C-4CAA-B842-39610AA94630}.Debug|Any CPU.Build.0 = Debug|Any CPU
		{8D25A82C-889C-4CAA-B842-39610AA94630}.Release|Any CPU.ActiveCfg = Release|Any CPU
		{8D25A82C-889C-4CAA-B842-39610AA94630}.Release|Any CPU.Build.0 = Release|Any CPU
	EndGlobalSection
	GlobalSection(SolutionProperties) = preSolution
		HideSolutionNode = FALSE
	EndGlobalSection
	GlobalSection(NestedProjects) = preSolution
		{E0C23856-B9A4-4D13-AC60-8E080971F001} = {C27C45B4-A814-4B64-AEAC-DBC7674C6ECD}
		{98AF4185-F567-44F2-A141-DAA3C3A1A2FF} = {1C44C2B1-7996-4C16-A1FA-B266BC8E1ABB}
		{3AC71467-F040-4F5B-AB76-C1FCB51D564D} = {98AF4185-F567-44F2-A141-DAA3C3A1A2FF}
		{E36CA961-86DB-4B20-8518-117FB3504D7E} = {C27C45B4-A814-4B64-AEAC-DBC7674C6ECD}
		{0912F286-36E6-4400-A44B-BD52EE23F832} = {1C44C2B1-7996-4C16-A1FA-B266BC8E1ABB}
		{B08CF855-97C2-48EF-B0EE-D21F0883C6CF} = {1C44C2B1-7996-4C16-A1FA-B266BC8E1ABB}
		{8D25A82C-889C-4CAA-B842-39610AA94630} = {C27C45B4-A814-4B64-AEAC-DBC7674C6ECD}
	EndGlobalSection
	GlobalSection(ExtensibilityGlobals) = postSolution
		SolutionGuid = {E96B88EE-D54B-40E0-A27B-8658EF1FF5D2}
	EndGlobalSection
EndGlobal
